PODS:
  - BRLOptionParser (0.3.1)
  - GCDWebServer (3.3.3):
    - GCDWebServer/Core (= 3.3.3)
  - GCDWebServer/Core (3.3.3)

DEPENDENCIES:
  - BRLOptionParser (~> 0.3.1)
  - GCDWebServer (~> 3.0)

SPEC CHECKSUMS:
  BRLOptionParser: a03256a8ff003ca1f5376c55f55f210e085a3958
  GCDWebServer: 1c39a1f0763e4eb492bee021e4270fce097d3555

COCOAPODS: 0.39.0
